
Microsoft Visual Studio Solution File, Format Version 12.00
# Visual Studio 14
VisualStudioVersion = 14.0.25123.0
MinimumVisualStudioVersion = 10.0.40219.1
Project("{2150E333-8FDC-42A3-9474-1A3956D46DE8}") = "src", "src", "{2D039559-3D3C-42C4-BDBD-49040B17A6D7}"
EndProject
Project("{2150E333-8FDC-42A3-9474-1A3956D46DE8}") = "Solution Items", "Solution Items", "{268144F5-F1B1-4C2B-8AB3-7AA89601F946}"
	ProjectSection(SolutionItems) = preProject
		global.json = global.json
	EndProjectSection
EndProject
Project("{8BB2217D-0F2D-49D1-97BC-3654ED321F3B}") = "MonarchAirlines", "src\MonarchAirlines\MonarchAirlines.xproj", "{B5FCB53C-E902-49A2-93D3-205328A4BA21}"
EndProject
Global
	GlobalSection(SolutionConfigurationPlatforms) = preSolution
		Debug|Any CPU = Debug|Any CPU
		Release|Any CPU = Release|Any CPU
	EndGlobalSection
	GlobalSection(ProjectConfigurationPlatforms) = postSolution
		{B5FCB53C-E902-49A2-93D3-205328A4BA21}.Debug|Any CPU.ActiveCfg = Debug|Any CPU
		{B5FCB53C-E902-49A2-93D3-205328A4BA21}.Debug|Any CPU.Build.0 = Debug|Any CPU
		{B5FCB53C-E902-49A2-93D3-205328A4BA21}.Release|Any CPU.ActiveCfg = Release|Any CPU
		{B5FCB53C-E902-49A2-93D3-205328A4BA21}.Release|Any CPU.Build.0 = Release|Any CPU
	EndGlobalSection
	GlobalSection(SolutionProperties) = preSolution
		HideSolutionNode = FALSE
	EndGlobalSection
	GlobalSection(NestedProjects) = preSolution
		{B5FCB53C-E902-49A2-93D3-205328A4BA21} = {2D039559-3D3C-42C4-BDBD-49040B17A6D7}
	EndGlobalSection
EndGlobal
